{
  "name": "lms",
  "version": "0.0.0",
  "lockfileVersion": 1,
  "requires": true,
  "dependencies": {
    "lodash": {
      "version": "4.17.5",
      "resolved": "https://registry.npmjs.org/lodash/-/lodash-4.17.5.tgz",
      "integrity": "sha512-svL3uiZf1RwhH+cWrfZn3A4+U58wbP0tGVTLQPbjplZxZ8ROD9VLuNgsRniTlLe7OlSqR79RUehXgpBW/s0IQw=="
    },
    "ngx-loading": {
      "version": "1.0.14",
      "resolved": "https://registry.npmjs.org/ngx-loading/-/ngx-loading-1.0.14.tgz",
      "integrity": "sha1-GXWMM+o/qbuW3KH0DKGdTYa4BCw="
    }
  }
}
